
Microsoft Visual Studio Solution File, Format Version 12.00
# Visual Studio Version 16
VisualStudioVersion = 16.0.30114.105
MinimumVisualStudioVersion = 10.0.40219.1
Project("{9092AA53-FB77-4645-B42D-1CCCA6BD08BD}") = "cdp", "cdp.njsproj", "{3B307C30-2E5C-452A-9F97-1BB4320E7EF9}"
EndProject
Project("{2150E333-8FDC-42A3-9474-1A3956D46DE8}") = "tool", "tool", "{5C04D720-6D78-4E3D-83D8-F9300FFAEBC0}"
EndProject
Project("{9092AA53-FB77-4645-B42D-1CCCA6BD08BD}") = "cdp-tasks", "packages\tool\tasks\cdp-tasks.njsproj", "{FCA5CC55-34A9-4550-84BD-98D8AACAFD1E}"
EndProject
Project("{2150E333-8FDC-42A3-9474-1A3956D46DE8}") = "lib", "lib", "{59005E11-3018-4FB5-80D1-7A6DEDCF7A0E}"
EndProject
Project("{2150E333-8FDC-42A3-9474-1A3956D46DE8}") = "core", "core", "{2D8A02D3-B279-48A2-97C3-3BC34CE4BE5D}"
EndProject
Project("{9092AA53-FB77-4645-B42D-1CCCA6BD08BD}") = "core-utils", "packages\lib\core\utils\core-utils.njsproj", "{A00672D8-27B9-43E8-8E04-E31B781C8748}"
EndProject
Project("{9092AA53-FB77-4645-B42D-1CCCA6BD08BD}") = "promise", "packages\lib\core\promise\promise.njsproj", "{CE5FC1CF-F29C-4A13-BFE6-1D74FB878904}"
EndProject
Project("{9092AA53-FB77-4645-B42D-1CCCA6BD08BD}") = "result", "packages\lib\core\result\result.njsproj", "{DCF68AE7-1DFC-4617-8862-E5F3066FA255}"
EndProject
Project("{2150E333-8FDC-42A3-9474-1A3956D46DE8}") = "window", "window", "{35317128-68DB-44C4-9168-3B083BE12CC4}"
EndProject
Project("{9092AA53-FB77-4645-B42D-1CCCA6BD08BD}") = "dom", "packages\lib\window\dom\dom.njsproj", "{1AB2994E-7609-4B1B-B83C-EB18B5F67CEB}"
EndProject
Project("{2150E333-8FDC-42A3-9474-1A3956D46DE8}") = "worker", "worker", "{07FBA8FB-A230-4C6B-8863-952C8E0A830D}"
EndProject
Project("{9092AA53-FB77-4645-B42D-1CCCA6BD08BD}") = "ajax", "packages\lib\worker\ajax\ajax.njsproj", "{921EA954-7C93-4895-80FB-09188BA73EC2}"
EndProject
Project("{9092AA53-FB77-4645-B42D-1CCCA6BD08BD}") = "binary", "packages\lib\worker\binary\binary.njsproj", "{8106B0AC-0BCD-4AAD-ACC9-5FDCAF979AA3}"
EndProject
Project("{9092AA53-FB77-4645-B42D-1CCCA6BD08BD}") = "observable", "packages\lib\core\observable\observable.njsproj", "{437BA941-1649-4208-BEF9-2B6FACDE65A7}"
EndProject
Project("{9092AA53-FB77-4645-B42D-1CCCA6BD08BD}") = "core-storage", "packages\lib\core\storage\core-storage.njsproj", "{DCD0B282-6857-4871-862C-48CC64A54122}"
EndProject
Project("{9092AA53-FB77-4645-B42D-1CCCA6BD08BD}") = "web-storage", "packages\lib\window\storage\web-storage.njsproj", "{0B31755F-059A-4698-A82C-75F0E614792A}"
EndProject
Project("{2150E333-8FDC-42A3-9474-1A3956D46DE8}") = "framework", "framework", "{7E623325-16E9-4287-8D2B-CB508EBEA3EB}"
EndProject
Project("{9092AA53-FB77-4645-B42D-1CCCA6BD08BD}") = "framework-core", "packages\framework\core\framework-core.njsproj", "{C904A032-D1DA-4588-821D-9F49F06CF8CB}"
EndProject
Project("{9092AA53-FB77-4645-B42D-1CCCA6BD08BD}") = "core-template", "packages\lib\core\template\core-template.njsproj", "{1C1DCDC2-C45F-40D8-BA6B-3D44FBE1C8C2}"
EndProject
Project("{9092AA53-FB77-4645-B42D-1CCCA6BD08BD}") = "model", "packages\lib\window\model\model.njsproj", "{A3F1D535-79B5-4112-823D-6FD71267CE3E}"
EndProject
Project("{9092AA53-FB77-4645-B42D-1CCCA6BD08BD}") = "events", "packages\lib\core\events\events.njsproj", "{2BDED78B-89A7-4D6E-9942-4467090C3A71}"
EndProject
Project("{2150E333-8FDC-42A3-9474-1A3956D46DE8}") = "node", "node", "{26D3ED7E-DA25-4798-94BB-1C9DDFDB19CE}"
EndProject
Project("{9092AA53-FB77-4645-B42D-1CCCA6BD08BD}") = "data-sync", "packages\lib\window\data-sync\data-sync.njsproj", "{2F8746E8-FC65-4501-90A0-06A0C8AE15B4}"
EndProject
Project("{2150E333-8FDC-42A3-9474-1A3956D46DE8}") = "extension", "extension", "{2AF3B313-39C9-47EE-93E1-2A870DE51D4A}"
EndProject
Project("{9092AA53-FB77-4645-B42D-1CCCA6BD08BD}") = "extension-template", "packages\extension\template\extension-template.njsproj", "{2EF27CE3-38A7-4BC8-93C7-593DD67956C3}"
EndProject
Project("{9092AA53-FB77-4645-B42D-1CCCA6BD08BD}") = "extension-i18n", "packages\extension\i18n\extension-i18n.njsproj", "{5F449356-1B8C-4B02-890C-1882E58E8253}"
EndProject
Project("{9092AA53-FB77-4645-B42D-1CCCA6BD08BD}") = "fs-storage", "packages\lib\node\storage\fs-storage.njsproj", "{F0A2862A-764A-4812-8D49-89B18D7655DE}"
EndProject
Project("{9092AA53-FB77-4645-B42D-1CCCA6BD08BD}") = "collection", "packages\lib\window\collection\collection.njsproj", "{73BC9CF8-B1E3-48F4-89AE-B75C9F346874}"
EndProject
Project("{9092AA53-FB77-4645-B42D-1CCCA6BD08BD}") = "i18n", "packages\lib\window\i18n\i18n.njsproj", "{EDD92F66-3864-4BB9-B62A-2F67CE6253FD}"
EndProject
Project("{9092AA53-FB77-4645-B42D-1CCCA6BD08BD}") = "environment", "packages\lib\window\environment\environment.njsproj", "{C2BDDDDC-0DA7-4FDB-96D6-EB54BD653A51}"
EndProject
Project("{9092AA53-FB77-4645-B42D-1CCCA6BD08BD}") = "view", "packages\lib\window\view\view.njsproj", "{D6904B0F-76CD-4516-9E4B-798DBD67F64F}"
EndProject
Project("{9092AA53-FB77-4645-B42D-1CCCA6BD08BD}") = "extension-template-transformer", "packages\extension\template-transformer\extension-template-transformer.njsproj", "{398F687F-C334-43A9-8DDC-8DB1FD84F8C4}"
EndProject
Global
	GlobalSection(SolutionConfigurationPlatforms) = preSolution
		Debug|Any CPU = Debug|Any CPU
		Release|Any CPU = Release|Any CPU
	EndGlobalSection
	GlobalSection(ProjectConfigurationPlatforms) = postSolution
		{3B307C30-2E5C-452A-9F97-1BB4320E7EF9}.Debug|Any CPU.ActiveCfg = Debug|Any CPU
		{3B307C30-2E5C-452A-9F97-1BB4320E7EF9}.Release|Any CPU.ActiveCfg = Release|Any CPU
		{FCA5CC55-34A9-4550-84BD-98D8AACAFD1E}.Debug|Any CPU.ActiveCfg = Debug|Any CPU
		{FCA5CC55-34A9-4550-84BD-98D8AACAFD1E}.Release|Any CPU.ActiveCfg = Release|Any CPU
		{A00672D8-27B9-43E8-8E04-E31B781C8748}.Debug|Any CPU.ActiveCfg = Debug|Any CPU
		{A00672D8-27B9-43E8-8E04-E31B781C8748}.Debug|Any CPU.Build.0 = Debug|Any CPU
		{A00672D8-27B9-43E8-8E04-E31B781C8748}.Release|Any CPU.ActiveCfg = Release|Any CPU
		{A00672D8-27B9-43E8-8E04-E31B781C8748}.Release|Any CPU.Build.0 = Release|Any CPU
		{CE5FC1CF-F29C-4A13-BFE6-1D74FB878904}.Debug|Any CPU.ActiveCfg = Debug|Any CPU
		{CE5FC1CF-F29C-4A13-BFE6-1D74FB878904}.Debug|Any CPU.Build.0 = Debug|Any CPU
		{CE5FC1CF-F29C-4A13-BFE6-1D74FB878904}.Release|Any CPU.ActiveCfg = Release|Any CPU
		{CE5FC1CF-F29C-4A13-BFE6-1D74FB878904}.Release|Any CPU.Build.0 = Release|Any CPU
		{DCF68AE7-1DFC-4617-8862-E5F3066FA255}.Debug|Any CPU.ActiveCfg = Debug|Any CPU
		{DCF68AE7-1DFC-4617-8862-E5F3066FA255}.Debug|Any CPU.Build.0 = Debug|Any CPU
		{DCF68AE7-1DFC-4617-8862-E5F3066FA255}.Release|Any CPU.ActiveCfg = Release|Any CPU
		{DCF68AE7-1DFC-4617-8862-E5F3066FA255}.Release|Any CPU.Build.0 = Release|Any CPU
		{1AB2994E-7609-4B1B-B83C-EB18B5F67CEB}.Debug|Any CPU.ActiveCfg = Debug|Any CPU
		{1AB2994E-7609-4B1B-B83C-EB18B5F67CEB}.Debug|Any CPU.Build.0 = Debug|Any CPU
		{1AB2994E-7609-4B1B-B83C-EB18B5F67CEB}.Release|Any CPU.ActiveCfg = Release|Any CPU
		{1AB2994E-7609-4B1B-B83C-EB18B5F67CEB}.Release|Any CPU.Build.0 = Release|Any CPU
		{921EA954-7C93-4895-80FB-09188BA73EC2}.Debug|Any CPU.ActiveCfg = Debug|Any CPU
		{921EA954-7C93-4895-80FB-09188BA73EC2}.Debug|Any CPU.Build.0 = Debug|Any CPU
		{921EA954-7C93-4895-80FB-09188BA73EC2}.Release|Any CPU.ActiveCfg = Release|Any CPU
		{921EA954-7C93-4895-80FB-09188BA73EC2}.Release|Any CPU.Build.0 = Release|Any CPU
		{8106B0AC-0BCD-4AAD-ACC9-5FDCAF979AA3}.Debug|Any CPU.ActiveCfg = Debug|Any CPU
		{8106B0AC-0BCD-4AAD-ACC9-5FDCAF979AA3}.Debug|Any CPU.Build.0 = Debug|Any CPU
		{8106B0AC-0BCD-4AAD-ACC9-5FDCAF979AA3}.Release|Any CPU.ActiveCfg = Release|Any CPU
		{8106B0AC-0BCD-4AAD-ACC9-5FDCAF979AA3}.Release|Any CPU.Build.0 = Release|Any CPU
		{437BA941-1649-4208-BEF9-2B6FACDE65A7}.Debug|Any CPU.ActiveCfg = Debug|Any CPU
		{437BA941-1649-4208-BEF9-2B6FACDE65A7}.Debug|Any CPU.Build.0 = Debug|Any CPU
		{437BA941-1649-4208-BEF9-2B6FACDE65A7}.Release|Any CPU.ActiveCfg = Release|Any CPU
		{437BA941-1649-4208-BEF9-2B6FACDE65A7}.Release|Any CPU.Build.0 = Release|Any CPU
		{DCD0B282-6857-4871-862C-48CC64A54122}.Debug|Any CPU.ActiveCfg = Debug|Any CPU
		{DCD0B282-6857-4871-862C-48CC64A54122}.Debug|Any CPU.Build.0 = Debug|Any CPU
		{DCD0B282-6857-4871-862C-48CC64A54122}.Release|Any CPU.ActiveCfg = Release|Any CPU
		{DCD0B282-6857-4871-862C-48CC64A54122}.Release|Any CPU.Build.0 = Release|Any CPU
		{0B31755F-059A-4698-A82C-75F0E614792A}.Debug|Any CPU.ActiveCfg = Debug|Any CPU
		{0B31755F-059A-4698-A82C-75F0E614792A}.Debug|Any CPU.Build.0 = Debug|Any CPU
		{0B31755F-059A-4698-A82C-75F0E614792A}.Release|Any CPU.ActiveCfg = Release|Any CPU
		{0B31755F-059A-4698-A82C-75F0E614792A}.Release|Any CPU.Build.0 = Release|Any CPU
		{C904A032-D1DA-4588-821D-9F49F06CF8CB}.Debug|Any CPU.ActiveCfg = Debug|Any CPU
		{C904A032-D1DA-4588-821D-9F49F06CF8CB}.Debug|Any CPU.Build.0 = Debug|Any CPU
		{C904A032-D1DA-4588-821D-9F49F06CF8CB}.Release|Any CPU.ActiveCfg = Release|Any CPU
		{C904A032-D1DA-4588-821D-9F49F06CF8CB}.Release|Any CPU.Build.0 = Release|Any CPU
		{1C1DCDC2-C45F-40D8-BA6B-3D44FBE1C8C2}.Debug|Any CPU.ActiveCfg = Debug|Any CPU
		{1C1DCDC2-C45F-40D8-BA6B-3D44FBE1C8C2}.Debug|Any CPU.Build.0 = Debug|Any CPU
		{1C1DCDC2-C45F-40D8-BA6B-3D44FBE1C8C2}.Release|Any CPU.ActiveCfg = Release|Any CPU
		{1C1DCDC2-C45F-40D8-BA6B-3D44FBE1C8C2}.Release|Any CPU.Build.0 = Release|Any CPU
		{A3F1D535-79B5-4112-823D-6FD71267CE3E}.Debug|Any CPU.ActiveCfg = Debug|Any CPU
		{A3F1D535-79B5-4112-823D-6FD71267CE3E}.Debug|Any CPU.Build.0 = Debug|Any CPU
		{A3F1D535-79B5-4112-823D-6FD71267CE3E}.Release|Any CPU.ActiveCfg = Release|Any CPU
		{A3F1D535-79B5-4112-823D-6FD71267CE3E}.Release|Any CPU.Build.0 = Release|Any CPU
		{2BDED78B-89A7-4D6E-9942-4467090C3A71}.Debug|Any CPU.ActiveCfg = Debug|Any CPU
		{2BDED78B-89A7-4D6E-9942-4467090C3A71}.Debug|Any CPU.Build.0 = Debug|Any CPU
		{2BDED78B-89A7-4D6E-9942-4467090C3A71}.Release|Any CPU.ActiveCfg = Release|Any CPU
		{2BDED78B-89A7-4D6E-9942-4467090C3A71}.Release|Any CPU.Build.0 = Release|Any CPU
		{2F8746E8-FC65-4501-90A0-06A0C8AE15B4}.Debug|Any CPU.ActiveCfg = Debug|Any CPU
		{2F8746E8-FC65-4501-90A0-06A0C8AE15B4}.Debug|Any CPU.Build.0 = Debug|Any CPU
		{2F8746E8-FC65-4501-90A0-06A0C8AE15B4}.Release|Any CPU.ActiveCfg = Release|Any CPU
		{2F8746E8-FC65-4501-90A0-06A0C8AE15B4}.Release|Any CPU.Build.0 = Release|Any CPU
		{2EF27CE3-38A7-4BC8-93C7-593DD67956C3}.Debug|Any CPU.ActiveCfg = Debug|Any CPU
		{2EF27CE3-38A7-4BC8-93C7-593DD67956C3}.Debug|Any CPU.Build.0 = Debug|Any CPU
		{2EF27CE3-38A7-4BC8-93C7-593DD67956C3}.Release|Any CPU.ActiveCfg = Release|Any CPU
		{2EF27CE3-38A7-4BC8-93C7-593DD67956C3}.Release|Any CPU.Build.0 = Release|Any CPU
		{5F449356-1B8C-4B02-890C-1882E58E8253}.Debug|Any CPU.ActiveCfg = Debug|Any CPU
		{5F449356-1B8C-4B02-890C-1882E58E8253}.Debug|Any CPU.Build.0 = Debug|Any CPU
		{5F449356-1B8C-4B02-890C-1882E58E8253}.Release|Any CPU.ActiveCfg = Release|Any CPU
		{5F449356-1B8C-4B02-890C-1882E58E8253}.Release|Any CPU.Build.0 = Release|Any CPU
		{F0A2862A-764A-4812-8D49-89B18D7655DE}.Debug|Any CPU.ActiveCfg = Debug|Any CPU
		{F0A2862A-764A-4812-8D49-89B18D7655DE}.Debug|Any CPU.Build.0 = Debug|Any CPU
		{F0A2862A-764A-4812-8D49-89B18D7655DE}.Release|Any CPU.ActiveCfg = Release|Any CPU
		{F0A2862A-764A-4812-8D49-89B18D7655DE}.Release|Any CPU.Build.0 = Release|Any CPU
		{73BC9CF8-B1E3-48F4-89AE-B75C9F346874}.Debug|Any CPU.ActiveCfg = Debug|Any CPU
		{73BC9CF8-B1E3-48F4-89AE-B75C9F346874}.Debug|Any CPU.Build.0 = Debug|Any CPU
		{73BC9CF8-B1E3-48F4-89AE-B75C9F346874}.Release|Any CPU.ActiveCfg = Release|Any CPU
		{73BC9CF8-B1E3-48F4-89AE-B75C9F346874}.Release|Any CPU.Build.0 = Release|Any CPU
		{EDD92F66-3864-4BB9-B62A-2F67CE6253FD}.Debug|Any CPU.ActiveCfg = Debug|Any CPU
		{EDD92F66-3864-4BB9-B62A-2F67CE6253FD}.Debug|Any CPU.Build.0 = Debug|Any CPU
		{EDD92F66-3864-4BB9-B62A-2F67CE6253FD}.Release|Any CPU.ActiveCfg = Release|Any CPU
		{EDD92F66-3864-4BB9-B62A-2F67CE6253FD}.Release|Any CPU.Build.0 = Release|Any CPU
		{C2BDDDDC-0DA7-4FDB-96D6-EB54BD653A51}.Debug|Any CPU.ActiveCfg = Debug|Any CPU
		{C2BDDDDC-0DA7-4FDB-96D6-EB54BD653A51}.Debug|Any CPU.Build.0 = Debug|Any CPU
		{C2BDDDDC-0DA7-4FDB-96D6-EB54BD653A51}.Release|Any CPU.ActiveCfg = Release|Any CPU
		{C2BDDDDC-0DA7-4FDB-96D6-EB54BD653A51}.Release|Any CPU.Build.0 = Release|Any CPU
		{D6904B0F-76CD-4516-9E4B-798DBD67F64F}.Debug|Any CPU.ActiveCfg = Debug|Any CPU
		{D6904B0F-76CD-4516-9E4B-798DBD67F64F}.Debug|Any CPU.Build.0 = Debug|Any CPU
		{D6904B0F-76CD-4516-9E4B-798DBD67F64F}.Release|Any CPU.ActiveCfg = Release|Any CPU
		{D6904B0F-76CD-4516-9E4B-798DBD67F64F}.Release|Any CPU.Build.0 = Release|Any CPU
		{398F687F-C334-43A9-8DDC-8DB1FD84F8C4}.Debug|Any CPU.ActiveCfg = Debug|Any CPU
		{398F687F-C334-43A9-8DDC-8DB1FD84F8C4}.Debug|Any CPU.Build.0 = Debug|Any CPU
		{398F687F-C334-43A9-8DDC-8DB1FD84F8C4}.Release|Any CPU.ActiveCfg = Release|Any CPU
		{398F687F-C334-43A9-8DDC-8DB1FD84F8C4}.Release|Any CPU.Build.0 = Release|Any CPU
	EndGlobalSection
	GlobalSection(SolutionProperties) = preSolution
		HideSolutionNode = FALSE
	EndGlobalSection
	GlobalSection(NestedProjects) = preSolution
		{FCA5CC55-34A9-4550-84BD-98D8AACAFD1E} = {5C04D720-6D78-4E3D-83D8-F9300FFAEBC0}
		{2D8A02D3-B279-48A2-97C3-3BC34CE4BE5D} = {59005E11-3018-4FB5-80D1-7A6DEDCF7A0E}
		{A00672D8-27B9-43E8-8E04-E31B781C8748} = {2D8A02D3-B279-48A2-97C3-3BC34CE4BE5D}
		{CE5FC1CF-F29C-4A13-BFE6-1D74FB878904} = {2D8A02D3-B279-48A2-97C3-3BC34CE4BE5D}
		{DCF68AE7-1DFC-4617-8862-E5F3066FA255} = {2D8A02D3-B279-48A2-97C3-3BC34CE4BE5D}
		{35317128-68DB-44C4-9168-3B083BE12CC4} = {59005E11-3018-4FB5-80D1-7A6DEDCF7A0E}
		{1AB2994E-7609-4B1B-B83C-EB18B5F67CEB} = {35317128-68DB-44C4-9168-3B083BE12CC4}
		{07FBA8FB-A230-4C6B-8863-952C8E0A830D} = {59005E11-3018-4FB5-80D1-7A6DEDCF7A0E}
		{921EA954-7C93-4895-80FB-09188BA73EC2} = {07FBA8FB-A230-4C6B-8863-952C8E0A830D}
		{8106B0AC-0BCD-4AAD-ACC9-5FDCAF979AA3} = {07FBA8FB-A230-4C6B-8863-952C8E0A830D}
		{437BA941-1649-4208-BEF9-2B6FACDE65A7} = {2D8A02D3-B279-48A2-97C3-3BC34CE4BE5D}
		{DCD0B282-6857-4871-862C-48CC64A54122} = {2D8A02D3-B279-48A2-97C3-3BC34CE4BE5D}
		{0B31755F-059A-4698-A82C-75F0E614792A} = {35317128-68DB-44C4-9168-3B083BE12CC4}
		{C904A032-D1DA-4588-821D-9F49F06CF8CB} = {7E623325-16E9-4287-8D2B-CB508EBEA3EB}
		{1C1DCDC2-C45F-40D8-BA6B-3D44FBE1C8C2} = {2D8A02D3-B279-48A2-97C3-3BC34CE4BE5D}
		{A3F1D535-79B5-4112-823D-6FD71267CE3E} = {35317128-68DB-44C4-9168-3B083BE12CC4}
		{2BDED78B-89A7-4D6E-9942-4467090C3A71} = {2D8A02D3-B279-48A2-97C3-3BC34CE4BE5D}
		{26D3ED7E-DA25-4798-94BB-1C9DDFDB19CE} = {59005E11-3018-4FB5-80D1-7A6DEDCF7A0E}
		{2F8746E8-FC65-4501-90A0-06A0C8AE15B4} = {35317128-68DB-44C4-9168-3B083BE12CC4}
		{2EF27CE3-38A7-4BC8-93C7-593DD67956C3} = {2AF3B313-39C9-47EE-93E1-2A870DE51D4A}
		{5F449356-1B8C-4B02-890C-1882E58E8253} = {2AF3B313-39C9-47EE-93E1-2A870DE51D4A}
		{F0A2862A-764A-4812-8D49-89B18D7655DE} = {26D3ED7E-DA25-4798-94BB-1C9DDFDB19CE}
		{73BC9CF8-B1E3-48F4-89AE-B75C9F346874} = {35317128-68DB-44C4-9168-3B083BE12CC4}
		{EDD92F66-3864-4BB9-B62A-2F67CE6253FD} = {35317128-68DB-44C4-9168-3B083BE12CC4}
		{C2BDDDDC-0DA7-4FDB-96D6-EB54BD653A51} = {35317128-68DB-44C4-9168-3B083BE12CC4}
		{D6904B0F-76CD-4516-9E4B-798DBD67F64F} = {35317128-68DB-44C4-9168-3B083BE12CC4}
		{398F687F-C334-43A9-8DDC-8DB1FD84F8C4} = {2AF3B313-39C9-47EE-93E1-2A870DE51D4A}
	EndGlobalSection
	GlobalSection(ExtensibilityGlobals) = postSolution
		SolutionGuid = {DA17E8B9-F4FC-4DBE-9091-5FD4D67EC484}
	EndGlobalSection
EndGlobal
